
Microsoft Visual Studio Solution File, Format Version 12.00
# Visual Studio Version 17
VisualStudioVersion = 17.7.34018.315
MinimumVisualStudioVersion = 10.0.40219.1
Project("{FAE04EC0-301F-11D3-BF4B-00C04F79EFBC}") = "student_exam_calculator", "student_exam_calculator\student_exam_calculator.csproj", "{3116692F-4BBF-4A8A-8922-9C778CDAF11D}"
EndProject
Global
	GlobalSection(SolutionConfigurationPlatforms) = preSolution
		Debug|Any CPU = Debug|Any CPU
		Release|Any CPU = Release|Any CPU
	EndGlobalSection
	GlobalSection(ProjectConfigurationPlatforms) = postSolution
		{3116692F-4BBF-4A8A-8922-9C778CDAF11D}.Debug|Any CPU.ActiveCfg = Debug|Any CPU
		{3116692F-4BBF-4A8A-8922-9C778CDAF11D}.Debug|Any CPU.Build.0 = Debug|Any CPU
		{3116692F-4BBF-4A8A-8922-9C778CDAF11D}.Release|Any CPU.ActiveCfg = Release|Any CPU
		{3116692F-4BBF-4A8A-8922-9C778CDAF11D}.Release|Any CPU.Build.0 = Release|Any CPU
	EndGlobalSection
	GlobalSection(SolutionProperties) = preSolution
		HideSolutionNode = FALSE
	EndGlobalSection
	GlobalSection(ExtensibilityGlobals) = postSolution
		SolutionGuid = {40703ED3-EB2A-4981-B07F-68BAF1A5D29F}
	EndGlobalSection
EndGlobal
